<?xml version="1.0" encoding="utf-8"?>
<Project ToolsVersion="4.0" xmlns="http://schemas.microsoft.com/developer/msbuild/2003">
  <ItemGroup>
    <Filter Include="Source Files">
      <UniqueIdentifier>{2eb8b45b-4971-49ee-afe8-c2d6c34c9589}</UniqueIdentifier>
    </Filter>
    <Filter Include="Header Files">
      <UniqueIdentifier>{18148173-0746-4fa1-a92e-eeb812b573fc}</UniqueIdentifier>
    </Filter>
  </ItemGroup>
  <ItemGroup>
    <ClCompile Include="tinystr.cpp">
      <Filter>Source Files</Filter>
    </ClCompile>
    <ClCompile Include="tinyxml.cpp">
      <Filter>Source Files</Filter>
    </ClCompile>
    <ClCompile Include="tinyxmlerror.cpp">
      <Filter>Source Files</Filter>
    </ClCompile>
    <ClCompile Include="tinyxmlparser.cpp">
      <Filter>Source Files</Filter>
    </ClCompile>
  </ItemGroup>
  <ItemGroup>
    <ClInclude Include="tinystr.h">
      <Filter>Header Files</Filter>
    </ClInclude>
    <ClInclude Include="tinyxml.h">
      <Filter>Header Files</Filter>
    </ClInclude>
  </ItemGroup>
  <ItemGroup>
    <None Include="changes.txt" />
    <None Include="readme.txt" />
  </ItemGroup>
</Project>